
Microsoft Visual Studio Solution File, Format Version 12.00
# Visual Studio Version 16
VisualStudioVersion = 16.0.31229.75
MinimumVisualStudioVersion = 10.0.40219.1
Project("{FAE04EC0-301F-11D3-BF4B-00C04F79EFBC}") = "Practical", "Practical.csproj", "{B3E912B8-6433-42B6-99D4-DCE641E76769}"
EndProject
Global
	GlobalSection(SolutionConfigurationPlatforms) = preSolution
		Debug|Any CPU = Debug|Any CPU
		Release|Any CPU = Release|Any CPU
	EndGlobalSection
	GlobalSection(ProjectConfigurationPlatforms) = postSolution
		{B3E912B8-6433-42B6-99D4-DCE641E76769}.Debug|Any CPU.ActiveCfg = Debug|Any CPU
		{B3E912B8-6433-42B6-99D4-DCE641E76769}.Debug|Any CPU.Build.0 = Debug|Any CPU
		{B3E912B8-6433-42B6-99D4-DCE641E76769}.Release|Any CPU.ActiveCfg = Release|Any CPU
		{B3E912B8-6433-42B6-99D4-DCE641E76769}.Release|Any CPU.Build.0 = Release|Any CPU
	EndGlobalSection
	GlobalSection(SolutionProperties) = preSolution
		HideSolutionNode = FALSE
	EndGlobalSection
	GlobalSection(ExtensibilityGlobals) = postSolution
		SolutionGuid = {4A318B2F-F875-4761-879A-135F959C6417}
	EndGlobalSection
EndGlobal
